
Microsoft Visual Studio Solution File, Format Version 12.00
# Visual Studio Version 17
VisualStudioVersion = 17.8.34525.116
MinimumVisualStudioVersion = 10.0.40219.1
Project("{FAE04EC0-301F-11D3-BF4B-00C04F79EFBC}") = "SqlDataBaseC#", "SqlDataBaseC#\SqlDataBaseC#.csproj", "{8B75F129-1389-44C1-8468-7173B29D3450}"
EndProject
Global
	GlobalSection(SolutionConfigurationPlatforms) = preSolution
		Debug|Any CPU = Debug|Any CPU
		Release|Any CPU = Release|Any CPU
	EndGlobalSection
	GlobalSection(ProjectConfigurationPlatforms) = postSolution
		{8B75F129-1389-44C1-8468-7173B29D3450}.Debug|Any CPU.ActiveCfg = Debug|Any CPU
		{8B75F129-1389-44C1-8468-7173B29D3450}.Debug|Any CPU.Build.0 = Debug|Any CPU
		{8B75F129-1389-44C1-8468-7173B29D3450}.Release|Any CPU.ActiveCfg = Release|Any CPU
		{8B75F129-1389-44C1-8468-7173B29D3450}.Release|Any CPU.Build.0 = Release|Any CPU
	EndGlobalSection
	GlobalSection(SolutionProperties) = preSolution
		HideSolutionNode = FALSE
	EndGlobalSection
	GlobalSection(ExtensibilityGlobals) = postSolution
		SolutionGuid = {78BB7ADB-7BC1-4C36-9A9D-DE711DB4A6C2}
	EndGlobalSection
EndGlobal
